// !$*UTF8*$!
{
	archiveVersion = 1;
	classes = {
	};
	objectVersion = 46;
	objects = {

/* Begin PBXBuildFile section */
		6039B14282AB589D6476BA4B /* Feedback.xcdatamodeld in Sources */ = {isa = PBXBuildFile; fileRef = 6039B646C4DF2F961545ADC5 /* Feedback.xcdatamodeld */; };
		6039B3044A641E650FD87DA1 /* FeedbackTests.m in Sources */ = {isa = PBXBuildFile; fileRef = 6039BE6EE55ADA168E5BBAD8 /* FeedbackTests.m */; };
		6039B6EABF711F799DF327DC /* AppDelegate.m in Sources */ = {isa = PBXBuildFile; fileRef = 6039B435125CE89D93D5733A /* AppDelegate.m */; };
		6039B7038C8F5642B165069F /* main.m in Sources */ = {isa = PBXBuildFile; fileRef = 6039B8D37F35BD8060FE311A /* main.m */; };
		6039BC1282E19B6AF407EAC8 /* Images.xcassets in Resources */ = {isa = PBXBuildFile; fileRef = 6039BFFB1626A729A96E65F6 /* Images.xcassets */; };
		6039BE3DD097C301E107AAE6 /* ViewController.m in Sources */ = {isa = PBXBuildFile; fileRef = 6039B3C06AF5539C001C63ED /* ViewController.m */; };
		6039BE920574F42F310CE171 /* Main.storyboard in Resources */ = {isa = PBXBuildFile; fileRef = 6039BE45A74DF60DCD115DA6 /* Main.storyboard */; };
		6039BF08F9E70E354C1AF784 /* LaunchScreen.xib in Resources */ = {isa = PBXBuildFile; fileRef = 6039B37B8AA5FAB6D61D5CE6 /* LaunchScreen.xib */; };
/* End PBXBuildFile section */

/* Begin PBXContainerItemProxy section */
		6039B5B0DA1E81D9D627601B /* PBXContainerItemProxy */ = {
			isa = PBXContainerItemProxy;
			containerPortal = 6039B5D3C329BF012630A5B4 /* Project object */;
			proxyType = 1;
			remoteGlobalIDString = 6039BD5459556A5BD130B277;
			remoteInfo = Feedback;
		};
/* End PBXContainerItemProxy section */

/* Begin PBXFileReference section */
		6039B1265DEA5B73F9A6A5F6 /* Feedback.app */ = {isa = PBXFileReference; explicitFileType = wrapper.application; includeInIndex = 0; path = Feedback.app; sourceTree = BUILT_PRODUCTS_DIR; };
		6039B3C06AF5539C001C63ED /* ViewController.m */ = {isa = PBXFileReference; lastKnownFileType = sourcecode.c.objc; path = ViewController.m; sourceTree = "<group>"; };
		6039B3F1ED940EA4A7A472F5 /* ViewController.h */ = {isa = PBXFileReference; lastKnownFileType = sourcecode.c.h; path = ViewController.h; sourceTree = "<group>"; };
		6039B435125CE89D93D5733A /* AppDelegate.m */ = {isa = PBXFileReference; lastKnownFileType = sourcecode.c.objc; path = AppDelegate.m; sourceTree = "<group>"; };
		6039B66EE68CA19A8BA2A7DF /* Base */ = {isa = PBXFileReference; lastKnownFileType = file.storyboard; name = Base; path = Base.lproj/Main.storyboard; sourceTree = "<group>"; };
		6039B87E42201D82EC6211AF /* Info.plist */ = {isa = PBXFileReference; lastKnownFileType = text.plist.info; path = Info.plist; sourceTree = "<group>"; };
		6039B8D37F35BD8060FE311A /* main.m */ = {isa = PBXFileReference; lastKnownFileType = sourcecode.c.objc; path = main.m; sourceTree = "<group>"; };
		6039BAE52B3E2573632E95B3 /* AppDelegate.h */ = {isa = PBXFileReference; lastKnownFileType = sourcecode.c.h; path = AppDelegate.h; sourceTree = "<group>"; };
		6039BAF9BF713508F9B38A93 /* Info.plist */ = {isa = PBXFileReference; lastKnownFileType = text.plist.info; path = Info.plist; sourceTree = "<group>"; };
		6039BBA47A2D9DB0DA44F7C4 /* Base */ = {isa = PBXFileReference; lastKnownFileType = file.xib; name = Base; path = Base.lproj/LaunchScreen.xib; sourceTree = "<group>"; };
		6039BDD28A6BF1FC5F50C5F7 /* FeedbackTests.xctest */ = {isa = PBXFileReference; explicitFileType = wrapper.cfbundle; includeInIndex = 0; path = FeedbackTests.xctest; sourceTree = BUILT_PRODUCTS_DIR; };
		6039BE6EE55ADA168E5BBAD8 /* FeedbackTests.m */ = {isa = PBXFileReference; lastKnownFileType = sourcecode.c.objc; path = FeedbackTests.m; sourceTree = "<group>"; };
		6039BEF523CE5BB58CD71F3A /* Feedback.xcdatamodel */ = {isa = PBXFileReference; lastKnownFileType = wrapper.xcdatamodel; path = Feedback.xcdatamodel; sourceTree = "<group>"; };
		6039BFFB1626A729A96E65F6 /* Images.xcassets */ = {isa = PBXFileReference; lastKnownFileType = folder.assetcatalog; path = Images.xcassets; sourceTree = "<group>"; };
/* End PBXFileReference section */

/* Begin PBXFrameworksBuildPhase section */
		6039B858BDD4145F3D3F0EE6 /* Frameworks */ = {
			isa = PBXFrameworksBuildPhase;
			buildActionMask = 2147483647;
			files = (
			);
			runOnlyForDeploymentPostprocessing = 0;
		};
		6039BD49031398B1E2F0BAB1 /* Frameworks */ = {
			isa = PBXFrameworksBuildPhase;
			buildActionMask = 2147483647;
			files = (
			);
			runOnlyForDeploymentPostprocessing = 0;
		};
/* End PBXFrameworksBuildPhase section */

/* Begin PBXGroup section */
		6039B076261CA7C7061358DE = {
			isa = PBXGroup;
			children = (
				6039B41BBCFC1641CF2A5CC6 /* Products */,
				6039BCD0A020FAADD2C61662 /* Feedback */,
				6039B2D9A5F1EDB363C5ED9E /* FeedbackTests */,
			);
			sourceTree = "<group>";
		};
		6039B14E678B48A6EA23830C /* Supporting Files */ = {
			isa = PBXGroup;
			children = (
				6039B87E42201D82EC6211AF /* Info.plist */,
				6039B8D37F35BD8060FE311A /* main.m */,
			);
			name = "Supporting Files";
			sourceTree = "<group>";
		};
		6039B2D9A5F1EDB363C5ED9E /* FeedbackTests */ = {
			isa = PBXGroup;
			children = (
				6039BC0C55C6CA204A74498A /* Supporting Files */,
				6039BE6EE55ADA168E5BBAD8 /* FeedbackTests.m */,
			);
			path = FeedbackTests;
			sourceTree = "<group>";
		};
		6039B41BBCFC1641CF2A5CC6 /* Products */ = {
			isa = PBXGroup;
			children = (
				6039B1265DEA5B73F9A6A5F6 /* Feedback.app */,
				6039BDD28A6BF1FC5F50C5F7 /* FeedbackTests.xctest */,
			);
			name = Products;
			sourceTree = "<group>";
		};
		6039BC0C55C6CA204A74498A /* Supporting Files */ = {
			isa = PBXGroup;
			children = (
				6039BAF9BF713508F9B38A93 /* Info.plist */,
			);
			name = "Supporting Files";
			sourceTree = "<group>";
		};
		6039BCD0A020FAADD2C61662 /* Feedback */ = {
			isa = PBXGroup;
			children = (
				6039B14E678B48A6EA23830C /* Supporting Files */,
				6039BFFB1626A729A96E65F6 /* Images.xcassets */,
				6039B37B8AA5FAB6D61D5CE6 /* LaunchScreen.xib */,
				6039BAE52B3E2573632E95B3 /* AppDelegate.h */,
				6039B435125CE89D93D5733A /* AppDelegate.m */,
				6039B646C4DF2F961545ADC5 /* Feedback.xcdatamodeld */,
				6039BE45A74DF60DCD115DA6 /* Main.storyboard */,
				6039B3F1ED940EA4A7A472F5 /* ViewController.h */,
				6039B3C06AF5539C001C63ED /* ViewController.m */,
			);
			path = Feedback;
			sourceTree = "<group>";
		};
/* End PBXGroup section */

/* Begin PBXNativeTarget section */
		6039BA21AE3D2730198A1CF6 /* FeedbackTests */ = {
			isa = PBXNativeTarget;
			buildConfigurationList = 6039B9F11F2346424071AE31 /* Build configuration list for PBXNativeTarget "FeedbackTests" */;
			buildPhases = (
				6039B0AEFF2994EB1B66E49B /* Sources */,
				6039B858BDD4145F3D3F0EE6 /* Frameworks */,
				6039B5C463C53E0E62EE4B39 /* Resources */,
			);
			buildRules = (
			);
			dependencies = (
				6039B1C8F8247F666917836A /* PBXTargetDependency */,
			);
			name = FeedbackTests;
			productName = FeedbackTests;
			productReference = 6039BDD28A6BF1FC5F50C5F7 /* FeedbackTests.xctest */;
			productType = "com.apple.product-type.bundle.unit-test";
		};
		6039BD5459556A5BD130B277 /* Feedback */ = {
			isa = PBXNativeTarget;
			buildConfigurationList = 6039B505F51A7CF1832DDB9E /* Build configuration list for PBXNativeTarget "Feedback" */;
			buildPhases = (
				6039BF665A7C1F08797A0E3E /* Sources */,
				6039BD49031398B1E2F0BAB1 /* Frameworks */,
				6039B9D7C7593358140A22E0 /* Resources */,
			);
			buildRules = (
			);
			dependencies = (
			);
			name = Feedback;
			productName = Feedback;
			productReference = 6039B1265DEA5B73F9A6A5F6 /* Feedback.app */;
			productType = "com.apple.product-type.application";
		};
/* End PBXNativeTarget section */

/* Begin PBXProject section */
		6039B5D3C329BF012630A5B4 /* Project object */ = {
			isa = PBXProject;
			attributes = {
				ORGANIZATIONNAME = HEXG;
			};
			buildConfigurationList = 6039B64925434CCDD26438D8 /* Build configuration list for PBXProject "Feedback" */;
			compatibilityVersion = "Xcode 3.2";
			developmentRegion = English;
			hasScannedForEncodings = 0;
			knownRegions = (
				en,
			);
			mainGroup = 6039B076261CA7C7061358DE;
			productRefGroup = 6039B41BBCFC1641CF2A5CC6 /* Products */;
			projectDirPath = "";
			projectRoot = "";
			targets = (
				6039BD5459556A5BD130B277 /* Feedback */,
				6039BA21AE3D2730198A1CF6 /* FeedbackTests */,
			);
		};
/* End PBXProject section */

/* Begin PBXResourcesBuildPhase section */
		6039B5C463C53E0E62EE4B39 /* Resources */ = {
			isa = PBXResourcesBuildPhase;
			buildActionMask = 2147483647;
			files = (
			);
			runOnlyForDeploymentPostprocessing = 0;
		};
		6039B9D7C7593358140A22E0 /* Resources */ = {
			isa = PBXResourcesBuildPhase;
			buildActionMask = 2147483647;
			files = (
				6039BC1282E19B6AF407EAC8 /* Images.xcassets in Resources */,
				6039BF08F9E70E354C1AF784 /* LaunchScreen.xib in Resources */,
				6039BE920574F42F310CE171 /* Main.storyboard in Resources */,
			);
			runOnlyForDeploymentPostprocessing = 0;
		};
/* End PBXResourcesBuildPhase section */

/* Begin PBXSourcesBuildPhase section */
		6039B0AEFF2994EB1B66E49B /* Sources */ = {
			isa = PBXSourcesBuildPhase;
			buildActionMask = 2147483647;
			files = (
				6039B3044A641E650FD87DA1 /* FeedbackTests.m in Sources */,
			);
			runOnlyForDeploymentPostprocessing = 0;
		};
		6039BF665A7C1F08797A0E3E /* Sources */ = {
			isa = PBXSourcesBuildPhase;
			buildActionMask = 2147483647;
			files = (
				6039B7038C8F5642B165069F /* main.m in Sources */,
				6039B6EABF711F799DF327DC /* AppDelegate.m in Sources */,
				6039B14282AB589D6476BA4B /* Feedback.xcdatamodeld in Sources */,
				6039BE3DD097C301E107AAE6 /* ViewController.m in Sources */,
			);
			runOnlyForDeploymentPostprocessing = 0;
		};
/* End PBXSourcesBuildPhase section */

/* Begin PBXTargetDependency section */
		6039B1C8F8247F666917836A /* PBXTargetDependency */ = {
			isa = PBXTargetDependency;
			target = 6039BD5459556A5BD130B277 /* Feedback */;
			targetProxy = 6039B5B0DA1E81D9D627601B /* PBXContainerItemProxy */;
		};
/* End PBXTargetDependency section */

/* Begin PBXVariantGroup section */
		6039B37B8AA5FAB6D61D5CE6 /* LaunchScreen.xib */ = {
			isa = PBXVariantGroup;
			children = (
				6039BBA47A2D9DB0DA44F7C4 /* Base */,
			);
			name = LaunchScreen.xib;
			sourceTree = "<group>";
		};
		6039BE45A74DF60DCD115DA6 /* Main.storyboard */ = {
			isa = PBXVariantGroup;
			children = (
				6039B66EE68CA19A8BA2A7DF /* Base */,
			);
			name = Main.storyboard;
			sourceTree = "<group>";
		};
/* End PBXVariantGroup section */

/* Begin XCBuildConfiguration section */
		6039B1F9FD7D5E0F38194A03 /* Release */ = {
			isa = XCBuildConfiguration;
			buildSettings = {
				ALWAYS_SEARCH_USER_PATHS = NO;
				CLANG_CXX_LANGUAGE_STANDARD = "gnu++0x";
				CLANG_CXX_LIBRARY = "libc++";
				CLANG_ENABLE_MODULES = YES;
				CLANG_ENABLE_OBJC_ARC = YES;
				CLANG_WARN_BOOL_CONVERSION = YES;
				CLANG_WARN_CONSTANT_CONVERSION = YES;
				CLANG_WARN_DIRECT_OBJC_ISA_USAGE = YES_ERROR;
				CLANG_WARN_EMPTY_BODY = YES;
				CLANG_WARN_ENUM_CONVERSION = YES;
				CLANG_WARN_INT_CONVERSION = YES;
				CLANG_WARN_OBJC_ROOT_CLASS = YES_ERROR;
				CLANG_WARN_UNREACHABLE_CODE = YES;
				CLANG_WARN__DUPLICATE_METHOD_MATCH = YES;
				"CODE_SIGN_IDENTITY[sdk=iphoneos*]" = "iPhone Developer";
				COPY_PHASE_STRIP = NO;
				DEBUG_INFORMATION_FORMAT = "dwarf-with-dsym";
				ENABLE_NS_ASSERTIONS = NO;
				ENABLE_STRICT_OBJC_MSGSEND = YES;
				GCC_C_LANGUAGE_STANDARD = gnu99;
				GCC_NO_COMMON_BLOCKS = YES;
				GCC_WARN_64_TO_32_BIT_CONVERSION = YES;
				GCC_WARN_ABOUT_RETURN_TYPE = YES_ERROR;
				GCC_WARN_UNDECLARED_SELECTOR = YES;
				GCC_WARN_UNINITIALIZED_AUTOS = YES_AGGRESSIVE;
				GCC_WARN_UNUSED_FUNCTION = YES;
				GCC_WARN_UNUSED_VARIABLE = YES;
				IPHONEOS_DEPLOYMENT_TARGET = 8.3;
				MTL_ENABLE_DEBUG_INFO = NO;
				SDKROOT = iphoneos;
				TARGETED_DEVICE_FAMILY = "1,2";
				VALIDATE_PRODUCT = YES;
			};
			name = Release;
		};
		6039B348753373340E7702B4 /* Debug */ = {
			isa = XCBuildConfiguration;
			buildSettings = {
				ASSETCATALOG_COMPILER_APPICON_NAME = AppIcon;
				INFOPLIST_FILE = Feedback/Info.plist;
				LD_RUNPATH_SEARCH_PATHS = "$(inherited) @executable_path/Frameworks";
				PRODUCT_NAME = "$(TARGET_NAME)";
			};
			name = Debug;
		};
		6039B6319CCADC8852F24D66 /* Debug */ = {
			isa = XCBuildConfiguration;
			buildSettings = {
				BUNDLE_LOADER = "$(BUILT_PRODUCTS_DIR)/Feedback.app/Feedback";
				FRAMEWORK_SEARCH_PATHS = (
					"$(SDKROOT)/Developer/Library/Frameworks",
					"$(inherited)",
				);
				INFOPLIST_FILE = FeedbackTests/Info.plist;
				LD_RUNPATH_SEARCH_PATHS = "$(inherited) @executable_path/Frameworks @loader_path/Frameworks";
				PRODUCT_NAME = "$(TARGET_NAME)";
				TEST_HOST = "$(BUNDLE_LOADER)";
			};
			name = Debug;
		};
		6039B8EB475F1D1C25FF8D25 /* Release */ = {
			isa = XCBuildConfiguration;
			buildSettings = {
				ASSETCATALOG_COMPILER_APPICON_NAME = AppIcon;
				INFOPLIST_FILE = Feedback/Info.plist;
				LD_RUNPATH_SEARCH_PATHS = "$(inherited) @executable_path/Frameworks";
				PRODUCT_NAME = "$(TARGET_NAME)";
			};
			name = Release;
		};
		6039BBFC0F14B3A810C3C45B /* Release */ = {
			isa = XCBuildConfiguration;
			buildSettings = {
				BUNDLE_LOADER = "$(BUILT_PRODUCTS_DIR)/Feedback.app/Feedback";
				FRAMEWORK_SEARCH_PATHS = (
					"$(SDKROOT)/Developer/Library/Frameworks",
					"$(inherited)",
				);
				INFOPLIST_FILE = FeedbackTests/Info.plist;
				LD_RUNPATH_SEARCH_PATHS = "$(inherited) @executable_path/Frameworks @loader_path/Frameworks";
				PRODUCT_NAME = "$(TARGET_NAME)";
				TEST_HOST = "$(BUNDLE_LOADER)";
			};
			name = Release;
		};
		6039BD7182D6658B9F449433 /* Debug */ = {
			isa = XCBuildConfiguration;
			buildSettings = {
				ALWAYS_SEARCH_USER_PATHS = NO;
				CLANG_CXX_LANGUAGE_STANDARD = "gnu++0x";
				CLANG_CXX_LIBRARY = "libc++";
				CLANG_ENABLE_MODULES = YES;
				CLANG_ENABLE_OBJC_ARC = YES;
				CLANG_WARN_BOOL_CONVERSION = YES;
				CLANG_WARN_CONSTANT_CONVERSION = YES;
				CLANG_WARN_DIRECT_OBJC_ISA_USAGE = YES_ERROR;
				CLANG_WARN_EMPTY_BODY = YES;
				CLANG_WARN_ENUM_CONVERSION = YES;
				CLANG_WARN_INT_CONVERSION = YES;
				CLANG_WARN_OBJC_ROOT_CLASS = YES_ERROR;
				CLANG_WARN_UNREACHABLE_CODE = YES;
				CLANG_WARN__DUPLICATE_METHOD_MATCH = YES;
				"CODE_SIGN_IDENTITY[sdk=iphoneos*]" = "iPhone Developer";
				COPY_PHASE_STRIP = NO;
				DEBUG_INFORMATION_FORMAT = "dwarf-with-dsym";
				ENABLE_STRICT_OBJC_MSGSEND = YES;
				GCC_C_LANGUAGE_STANDARD = gnu99;
				GCC_DYNAMIC_NO_PIC = NO;
				GCC_NO_COMMON_BLOCKS = YES;
				GCC_OPTIMIZATION_LEVEL = 0;
				GCC_PREPROCESSOR_DEFINITIONS = (
					"DEBUG=1",
					"$(inherited)",
				);
				GCC_SYMBOLS_PRIVATE_EXTERN = NO;
				GCC_WARN_64_TO_32_BIT_CONVERSION = YES;
				GCC_WARN_ABOUT_RETURN_TYPE = YES_ERROR;
				GCC_WARN_UNDECLARED_SELECTOR = YES;
				GCC_WARN_UNINITIALIZED_AUTOS = YES_AGGRESSIVE;
				GCC_WARN_UNUSED_FUNCTION = YES;
				GCC_WARN_UNUSED_VARIABLE = YES;
				IPHONEOS_DEPLOYMENT_TARGET = 8.3;
				MTL_ENABLE_DEBUG_INFO = YES;
				ONLY_ACTIVE_ARCH = YES;
				SDKROOT = iphoneos;
				TARGETED_DEVICE_FAMILY = "1,2";
			};
			name = Debug;
		};
/* End XCBuildConfiguration section */

/* Begin XCConfigurationList section */
		6039B505F51A7CF1832DDB9E /* Build configuration list for PBXNativeTarget "Feedback" */ = {
			isa = XCConfigurationList;
			buildConfigurations = (
				6039B348753373340E7702B4 /* Debug */,
				6039B8EB475F1D1C25FF8D25 /* Release */,
			);
			defaultConfigurationIsVisible = 0;
		};
		6039B64925434CCDD26438D8 /* Build configuration list for PBXProject "Feedback" */ = {
			isa = XCConfigurationList;
			buildConfigurations = (
				6039BD7182D6658B9F449433 /* Debug */,
				6039B1F9FD7D5E0F38194A03 /* Release */,
			);
			defaultConfigurationIsVisible = 0;
			defaultConfigurationName = Release;
		};
		6039B9F11F2346424071AE31 /* Build configuration list for PBXNativeTarget "FeedbackTests" */ = {
			isa = XCConfigurationList;
			buildConfigurations = (
				6039B6319CCADC8852F24D66 /* Debug */,
				6039BBFC0F14B3A810C3C45B /* Release */,
			);
			defaultConfigurationIsVisible = 0;
		};
/* End XCConfigurationList section */

/* Begin XCVersionGroup section */
		6039B646C4DF2F961545ADC5 /* Feedback.xcdatamodeld */ = {
			isa = XCVersionGroup;
			children = (
				6039BEF523CE5BB58CD71F3A /* Feedback.xcdatamodel */,
			);
			currentVersion = 6039BEF523CE5BB58CD71F3A /* Feedback.xcdatamodel */;
			path = Feedback.xcdatamodeld;
			sourceTree = "<group>";
			versionGroupType = wrapper.xcdatamodel;
		};
/* End XCVersionGroup section */
	};
	rootObject = 6039B5D3C329BF012630A5B4 /* Project object */;
}
